
Microsoft Visual Studio Solution File, Format Version 12.00
# Visual Studio 15
VisualStudioVersion = 15.0.28307.421
MinimumVisualStudioVersion = 10.0.40219.1
Project("{FAE04EC0-301F-11D3-BF4B-00C04F79EFBC}") = "StockApi", "StockApi\StockApi.csproj", "{CAE1E68E-A9A0-46D1-96D6-AC7516F9B621}"
EndProject
Global
	GlobalSection(SolutionConfigurationPlatforms) = preSolution
		Debug|Any CPU = Debug|Any CPU
		Release|Any CPU = Release|Any CPU
	EndGlobalSection
	GlobalSection(ProjectConfigurationPlatforms) = postSolution
		{CAE1E68E-A9A0-46D1-96D6-AC7516F9B621}.Debug|Any CPU.ActiveCfg = Debug|Any CPU
		{CAE1E68E-A9A0-46D1-96D6-AC7516F9B621}.Debug|Any CPU.Build.0 = Debug|Any CPU
		{CAE1E68E-A9A0-46D1-96D6-AC7516F9B621}.Release|Any CPU.ActiveCfg = Release|Any CPU
		{CAE1E68E-A9A0-46D1-96D6-AC7516F9B621}.Release|Any CPU.Build.0 = Release|Any CPU
	EndGlobalSection
	GlobalSection(SolutionProperties) = preSolution
		HideSolutionNode = FALSE
	EndGlobalSection
	GlobalSection(ExtensibilityGlobals) = postSolution
		SolutionGuid = {799F45AB-9F0C-4767-BEB9-263ABA7F76E7}
	EndGlobalSection
EndGlobal
